
Microsoft Visual Studio Solution File, Format Version 12.00
# 
Project("{FAE04EC0-301F-11D3-BF4B-00C04F79EFBC}") = "CommandPipeline", "CommandPipeline\CommandPipeline.csproj", "{0858CCFC-42DF-4F2A-907C-E0B6BA0F6C48}"
EndProject
Project("{2150E333-8FDC-42A3-9474-1A3956D46DE8}") = "tests", "tests", "{A7166375-2AEC-4BE3-8426-920227D5186D}"
EndProject
Project("{FAE04EC0-301F-11D3-BF4B-00C04F79EFBC}") = "CommandPipeline.UnitTests", "tests\CommandPipeline.UnitTests\CommandPipeline.UnitTests.csproj", "{89CE888C-F498-4ABB-B9F2-E528A3BA7F5A}"
EndProject
Global
	GlobalSection(SolutionConfigurationPlatforms) = preSolution
		Debug|Any CPU = Debug|Any CPU
		Release|Any CPU = Release|Any CPU
	EndGlobalSection
	GlobalSection(ProjectConfigurationPlatforms) = postSolution
		{0858CCFC-42DF-4F2A-907C-E0B6BA0F6C48}.Debug|Any CPU.ActiveCfg = Debug|Any CPU
		{0858CCFC-42DF-4F2A-907C-E0B6BA0F6C48}.Debug|Any CPU.Build.0 = Debug|Any CPU
		{0858CCFC-42DF-4F2A-907C-E0B6BA0F6C48}.Release|Any CPU.ActiveCfg = Release|Any CPU
		{0858CCFC-42DF-4F2A-907C-E0B6BA0F6C48}.Release|Any CPU.Build.0 = Release|Any CPU
		{89CE888C-F498-4ABB-B9F2-E528A3BA7F5A}.Debug|Any CPU.ActiveCfg = Debug|Any CPU
		{89CE888C-F498-4ABB-B9F2-E528A3BA7F5A}.Debug|Any CPU.Build.0 = Debug|Any CPU
		{89CE888C-F498-4ABB-B9F2-E528A3BA7F5A}.Release|Any CPU.ActiveCfg = Release|Any CPU
		{89CE888C-F498-4ABB-B9F2-E528A3BA7F5A}.Release|Any CPU.Build.0 = Release|Any CPU
	EndGlobalSection
	GlobalSection(NestedProjects) = preSolution
		{89CE888C-F498-4ABB-B9F2-E528A3BA7F5A} = {A7166375-2AEC-4BE3-8426-920227D5186D}
	EndGlobalSection
EndGlobal
